// !$*UTF8*$!
{
	archiveVersion = 1;
	classes = {
	};
	objectVersion = 55;
	objects = {

/* Begin PBXBuildFile section */
		942E3E3F287455BF00AC322E /* GoogleService-Info.plist in Resources */ = {isa = PBXBuildFile; fileRef = 942E3E3E287455BF00AC322E /* GoogleService-Info.plist */; };
		947BB04928712B25002C671D /* AppDelegate.swift in Sources */ = {isa = PBXBuildFile; fileRef = 947BB04828712B25002C671D /* AppDelegate.swift */; };
		947BB04B28712B25002C671D /* SceneDelegate.swift in Sources */ = {isa = PBXBuildFile; fileRef = 947BB04A28712B25002C671D /* SceneDelegate.swift */; };
		947BB04D28712B25002C671D /* WelcomeViewController.swift in Sources */ = {isa = PBXBuildFile; fileRef = 947BB04C28712B25002C671D /* WelcomeViewController.swift */; };
		947BB05228712B27002C671D /* Assets.xcassets in Resources */ = {isa = PBXBuildFile; fileRef = 947BB05128712B27002C671D /* Assets.xcassets */; };
		947BB05528712B27002C671D /* LaunchScreen.storyboard in Resources */ = {isa = PBXBuildFile; fileRef = 947BB05328712B27002C671D /* LaunchScreen.storyboard */; };
		947BB05F287131A9002C671D /* WelcomeScreen.swift in Sources */ = {isa = PBXBuildFile; fileRef = 947BB05E287131A9002C671D /* WelcomeScreen.swift */; };
		947BB06128714B93002C671D /* RegisterViewController.swift in Sources */ = {isa = PBXBuildFile; fileRef = 947BB06028714B93002C671D /* RegisterViewController.swift */; };
		947BB06328714C91002C671D /* RegisterScreen.swift in Sources */ = {isa = PBXBuildFile; fileRef = 947BB06228714C91002C671D /* RegisterScreen.swift */; };
		9480BF8828727CD8004E0E73 /* Alert.swift in Sources */ = {isa = PBXBuildFile; fileRef = 9480BF8728727CD8004E0E73 /* Alert.swift */; };
		9480BF8A28728180004E0E73 /* ChatViewController.swift in Sources */ = {isa = PBXBuildFile; fileRef = 9480BF8928728180004E0E73 /* ChatViewController.swift */; };
		9480BF8C28729D6E004E0E73 /* ChatScreen.swift in Sources */ = {isa = PBXBuildFile; fileRef = 9480BF8B28729D6E004E0E73 /* ChatScreen.swift */; };
		9485B94B28798CB400AAD1AF /* Message.swift in Sources */ = {isa = PBXBuildFile; fileRef = 9485B94A28798CB400AAD1AF /* Message.swift */; };
		AA89AA1E9D5F7E2A830B5E6B /* Pods_Flash_Chat.framework in Frameworks */ = {isa = PBXBuildFile; fileRef = 86C586986061AA0C4F817180 /* Pods_Flash_Chat.framework */; };
/* End PBXBuildFile section */

/* Begin PBXFileReference section */
		86C586986061AA0C4F817180 /* Pods_Flash_Chat.framework */ = {isa = PBXFileReference; explicitFileType = wrapper.framework; includeInIndex = 0; path = Pods_Flash_Chat.framework; sourceTree = BUILT_PRODUCTS_DIR; };
		8F23115688D0B8D899D745C6 /* Pods-Flash Chat.release.xcconfig */ = {isa = PBXFileReference; includeInIndex = 1; lastKnownFileType = text.xcconfig; name = "Pods-Flash Chat.release.xcconfig"; path = "Target Support Files/Pods-Flash Chat/Pods-Flash Chat.release.xcconfig"; sourceTree = "<group>"; };
		942E3E3E287455BF00AC322E /* GoogleService-Info.plist */ = {isa = PBXFileReference; fileEncoding = 4; lastKnownFileType = text.plist.xml; path = "GoogleService-Info.plist"; sourceTree = "<group>"; };
		947BB04528712B25002C671D /* Flash Chat.app */ = {isa = PBXFileReference; explicitFileType = wrapper.application; includeInIndex = 0; path = "Flash Chat.app"; sourceTree = BUILT_PRODUCTS_DIR; };
		947BB04828712B25002C671D /* AppDelegate.swift */ = {isa = PBXFileReference; lastKnownFileType = sourcecode.swift; path = AppDelegate.swift; sourceTree = "<group>"; };
		947BB04A28712B25002C671D /* SceneDelegate.swift */ = {isa = PBXFileReference; lastKnownFileType = sourcecode.swift; path = SceneDelegate.swift; sourceTree = "<group>"; };
		947BB04C28712B25002C671D /* WelcomeViewController.swift */ = {isa = PBXFileReference; lastKnownFileType = sourcecode.swift; path = WelcomeViewController.swift; sourceTree = "<group>"; };
		947BB05128712B27002C671D /* Assets.xcassets */ = {isa = PBXFileReference; lastKnownFileType = folder.assetcatalog; path = Assets.xcassets; sourceTree = "<group>"; };
		947BB05428712B27002C671D /* Base */ = {isa = PBXFileReference; lastKnownFileType = file.storyboard; name = Base; path = Base.lproj/LaunchScreen.storyboard; sourceTree = "<group>"; };
		947BB05628712B27002C671D /* Info.plist */ = {isa = PBXFileReference; lastKnownFileType = text.plist.xml; path = Info.plist; sourceTree = "<group>"; };
		947BB05E287131A9002C671D /* WelcomeScreen.swift */ = {isa = PBXFileReference; lastKnownFileType = sourcecode.swift; path = WelcomeScreen.swift; sourceTree = "<group>"; };
		947BB06028714B93002C671D /* RegisterViewController.swift */ = {isa = PBXFileReference; lastKnownFileType = sourcecode.swift; path = RegisterViewController.swift; sourceTree = "<group>"; };
		947BB06228714C91002C671D /* RegisterScreen.swift */ = {isa = PBXFileReference; lastKnownFileType = sourcecode.swift; path = RegisterScreen.swift; sourceTree = "<group>"; };
		9480BF8728727CD8004E0E73 /* Alert.swift */ = {isa = PBXFileReference; lastKnownFileType = sourcecode.swift; path = Alert.swift; sourceTree = "<group>"; };
		9480BF8928728180004E0E73 /* ChatViewController.swift */ = {isa = PBXFileReference; lastKnownFileType = sourcecode.swift; path = ChatViewController.swift; sourceTree = "<group>"; };
		9480BF8B28729D6E004E0E73 /* ChatScreen.swift */ = {isa = PBXFileReference; lastKnownFileType = sourcecode.swift; path = ChatScreen.swift; sourceTree = "<group>"; };
		9485B94A28798CB400AAD1AF /* Message.swift */ = {isa = PBXFileReference; lastKnownFileType = sourcecode.swift; path = Message.swift; sourceTree = "<group>"; };
		BE206F0176368804323EE017 /* Pods-Flash Chat.debug.xcconfig */ = {isa = PBXFileReference; includeInIndex = 1; lastKnownFileType = text.xcconfig; name = "Pods-Flash Chat.debug.xcconfig"; path = "Target Support Files/Pods-Flash Chat/Pods-Flash Chat.debug.xcconfig"; sourceTree = "<group>"; };
/* End PBXFileReference section */

/* Begin PBXFrameworksBuildPhase section */
		947BB04228712B25002C671D /* Frameworks */ = {
			isa = PBXFrameworksBuildPhase;
			buildActionMask = 2147483647;
			files = (
				AA89AA1E9D5F7E2A830B5E6B /* Pods_Flash_Chat.framework in Frameworks */,
			);
			runOnlyForDeploymentPostprocessing = 0;
		};
/* End PBXFrameworksBuildPhase section */

/* Begin PBXGroup section */
		942E3DF72873E7C100AC322E /* Model */ = {
			isa = PBXGroup;
			children = (
				9485B94A28798CB400AAD1AF /* Message.swift */,
			);
			path = Model;
			sourceTree = "<group>";
		};
		947BB03C28712B25002C671D = {
			isa = PBXGroup;
			children = (
				947BB04728712B25002C671D /* Flash Chat */,
				947BB04628712B25002C671D /* Products */,
				E666338FACA0FD1379A74E89 /* Pods */,
				B2C518EBE4B0466641C3243B /* Frameworks */,
			);
			sourceTree = "<group>";
		};
		947BB04628712B25002C671D /* Products */ = {
			isa = PBXGroup;
			children = (
				947BB04528712B25002C671D /* Flash Chat.app */,
			);
			name = Products;
			sourceTree = "<group>";
		};
		947BB04728712B25002C671D /* Flash Chat */ = {
			isa = PBXGroup;
			children = (
				942E3DF72873E7C100AC322E /* Model */,
				947BB05D28713182002C671D /* Views */,
				947BB05C2871316D002C671D /* Controllers */,
				947BB05128712B27002C671D /* Assets.xcassets */,
				947BB04A28712B25002C671D /* SceneDelegate.swift */,
				947BB04828712B25002C671D /* AppDelegate.swift */,
				947BB05328712B27002C671D /* LaunchScreen.storyboard */,
				947BB05628712B27002C671D /* Info.plist */,
				942E3E3E287455BF00AC322E /* GoogleService-Info.plist */,
			);
			path = "Flash Chat";
			sourceTree = "<group>";
		};
		947BB05C2871316D002C671D /* Controllers */ = {
			isa = PBXGroup;
			children = (
				947BB04C28712B25002C671D /* WelcomeViewController.swift */,
				947BB06028714B93002C671D /* RegisterViewController.swift */,
				9480BF8928728180004E0E73 /* ChatViewController.swift */,
				9480BF8628727CA9004E0E73 /* Alert */,
			);
			path = Controllers;
			sourceTree = "<group>";
		};
		947BB05D28713182002C671D /* Views */ = {
			isa = PBXGroup;
			children = (
				947BB05E287131A9002C671D /* WelcomeScreen.swift */,
				947BB06228714C91002C671D /* RegisterScreen.swift */,
				9480BF8B28729D6E004E0E73 /* ChatScreen.swift */,
			);
			path = Views;
			sourceTree = "<group>";
		};
		9480BF8628727CA9004E0E73 /* Alert */ = {
			isa = PBXGroup;
			children = (
				9480BF8728727CD8004E0E73 /* Alert.swift */,
			);
			path = Alert;
			sourceTree = "<group>";
		};
		B2C518EBE4B0466641C3243B /* Frameworks */ = {
			isa = PBXGroup;
			children = (
				86C586986061AA0C4F817180 /* Pods_Flash_Chat.framework */,
			);
			name = Frameworks;
			sourceTree = "<group>";
		};
		E666338FACA0FD1379A74E89 /* Pods */ = {
			isa = PBXGroup;
			children = (
				BE206F0176368804323EE017 /* Pods-Flash Chat.debug.xcconfig */,
				8F23115688D0B8D899D745C6 /* Pods-Flash Chat.release.xcconfig */,
			);
			path = Pods;
			sourceTree = "<group>";
		};
/* End PBXGroup section */

/* Begin PBXNativeTarget section */
		947BB04428712B25002C671D /* Flash Chat */ = {
			isa = PBXNativeTarget;
			buildConfigurationList = 947BB05928712B27002C671D /* Build configuration list for PBXNativeTarget "Flash Chat" */;
			buildPhases = (
				4E9E48131F3E88C78B995744 /* [CP] Check Pods Manifest.lock */,
				947BB04128712B25002C671D /* Sources */,
				947BB04228712B25002C671D /* Frameworks */,
				947BB04328712B25002C671D /* Resources */,
				B31CA4A624A132D4107D3821 /* [CP] Embed Pods Frameworks */,
			);
			buildRules = (
			);
			dependencies = (
			);
			name = "Flash Chat";
			productName = "Flash Chat";
			productReference = 947BB04528712B25002C671D /* Flash Chat.app */;
			productType = "com.apple.product-type.application";
		};
/* End PBXNativeTarget section */

/* Begin PBXProject section */
		947BB03D28712B25002C671D /* Project object */ = {
			isa = PBXProject;
			attributes = {
				BuildIndependentTargetsInParallel = 1;
				LastSwiftUpdateCheck = 1340;
				LastUpgradeCheck = 1340;
				TargetAttributes = {
					947BB04428712B25002C671D = {
						CreatedOnToolsVersion = 13.4.1;
					};
				};
			};
			buildConfigurationList = 947BB04028712B25002C671D /* Build configuration list for PBXProject "Flash Chat" */;
			compatibilityVersion = "Xcode 13.0";
			developmentRegion = en;
			hasScannedForEncodings = 0;
			knownRegions = (
				en,
				Base,
			);
			mainGroup = 947BB03C28712B25002C671D;
			productRefGroup = 947BB04628712B25002C671D /* Products */;
			projectDirPath = "";
			projectRoot = "";
			targets = (
				947BB04428712B25002C671D /* Flash Chat */,
			);
		};
/* End PBXProject section */

/* Begin PBXResourcesBuildPhase section */
		947BB04328712B25002C671D /* Resources */ = {
			isa = PBXResourcesBuildPhase;
			buildActionMask = 2147483647;
			files = (
				942E3E3F287455BF00AC322E /* GoogleService-Info.plist in Resources */,
				947BB05528712B27002C671D /* LaunchScreen.storyboard in Resources */,
				947BB05228712B27002C671D /* Assets.xcassets in Resources */,
			);
			runOnlyForDeploymentPostprocessing = 0;
		};
/* End PBXResourcesBuildPhase section */

/* Begin PBXShellScriptBuildPhase section */
		4E9E48131F3E88C78B995744 /* [CP] Check Pods Manifest.lock */ = {
			isa = PBXShellScriptBuildPhase;
			buildActionMask = 2147483647;
			files = (
			);
			inputFileListPaths = (
			);
			inputPaths = (
				"${PODS_PODFILE_DIR_PATH}/Podfile.lock",
				"${PODS_ROOT}/Manifest.lock",
			);
			name = "[CP] Check Pods Manifest.lock";
			outputFileListPaths = (
			);
			outputPaths = (
				"$(DERIVED_FILE_DIR)/Pods-Flash Chat-checkManifestLockResult.txt",
			);
			runOnlyForDeploymentPostprocessing = 0;
			shellPath = /bin/sh;
			shellScript = "diff \"${PODS_PODFILE_DIR_PATH}/Podfile.lock\" \"${PODS_ROOT}/Manifest.lock\" > /dev/null\nif [ $? != 0 ] ; then\n    # print error to STDERR\n    echo \"error: The sandbox is not in sync with the Podfile.lock. Run 'pod install' or update your CocoaPods installation.\" >&2\n    exit 1\nfi\n# This output is used by Xcode 'outputs' to avoid re-running this script phase.\necho \"SUCCESS\" > \"${SCRIPT_OUTPUT_FILE_0}\"\n";
			showEnvVarsInLog = 0;
		};
		B31CA4A624A132D4107D3821 /* [CP] Embed Pods Frameworks */ = {
			isa = PBXShellScriptBuildPhase;
			buildActionMask = 2147483647;
			files = (
			);
			inputFileListPaths = (
				"${PODS_ROOT}/Target Support Files/Pods-Flash Chat/Pods-Flash Chat-frameworks-${CONFIGURATION}-input-files.xcfilelist",
			);
			name = "[CP] Embed Pods Frameworks";
			outputFileListPaths = (
				"${PODS_ROOT}/Target Support Files/Pods-Flash Chat/Pods-Flash Chat-frameworks-${CONFIGURATION}-output-files.xcfilelist",
			);
			runOnlyForDeploymentPostprocessing = 0;
			shellPath = /bin/sh;
			shellScript = "\"${PODS_ROOT}/Target Support Files/Pods-Flash Chat/Pods-Flash Chat-frameworks.sh\"\n";
			showEnvVarsInLog = 0;
		};
/* End PBXShellScriptBuildPhase section */

/* Begin PBXSourcesBuildPhase section */
		947BB04128712B25002C671D /* Sources */ = {
			isa = PBXSourcesBuildPhase;
			buildActionMask = 2147483647;
			files = (
				947BB06328714C91002C671D /* RegisterScreen.swift in Sources */,
				947BB04D28712B25002C671D /* WelcomeViewController.swift in Sources */,
				9480BF8A28728180004E0E73 /* ChatViewController.swift in Sources */,
				947BB06128714B93002C671D /* RegisterViewController.swift in Sources */,
				947BB04928712B25002C671D /* AppDelegate.swift in Sources */,
				947BB05F287131A9002C671D /* WelcomeScreen.swift in Sources */,
				947BB04B28712B25002C671D /* SceneDelegate.swift in Sources */,
				9485B94B28798CB400AAD1AF /* Message.swift in Sources */,
				9480BF8C28729D6E004E0E73 /* ChatScreen.swift in Sources */,
				9480BF8828727CD8004E0E73 /* Alert.swift in Sources */,
			);
			runOnlyForDeploymentPostprocessing = 0;
		};
/* End PBXSourcesBuildPhase section */

/* Begin PBXVariantGroup section */
		947BB05328712B27002C671D /* LaunchScreen.storyboard */ = {
			isa = PBXVariantGroup;
			children = (
				947BB05428712B27002C671D /* Base */,
			);
			name = LaunchScreen.storyboard;
			sourceTree = "<group>";
		};
/* End PBXVariantGroup section */

/* Begin XCBuildConfiguration section */
		947BB05728712B27002C671D /* Debug */ = {
			isa = XCBuildConfiguration;
			buildSettings = {
				ALWAYS_SEARCH_USER_PATHS = NO;
				CLANG_ANALYZER_NONNULL = YES;
				CLANG_ANALYZER_NUMBER_OBJECT_CONVERSION = YES_AGGRESSIVE;
				CLANG_CXX_LANGUAGE_STANDARD = "gnu++17";
				CLANG_ENABLE_MODULES = YES;
				CLANG_ENABLE_OBJC_ARC = YES;
				CLANG_ENABLE_OBJC_WEAK = YES;
				CLANG_WARN_BLOCK_CAPTURE_AUTORELEASING = YES;
				CLANG_WARN_BOOL_CONVERSION = YES;
				CLANG_WARN_COMMA = YES;
				CLANG_WARN_CONSTANT_CONVERSION = YES;
				CLANG_WARN_DEPRECATED_OBJC_IMPLEMENTATIONS = YES;
				CLANG_WARN_DIRECT_OBJC_ISA_USAGE = YES_ERROR;
				CLANG_WARN_DOCUMENTATION_COMMENTS = YES;
				CLANG_WARN_EMPTY_BODY = YES;
				CLANG_WARN_ENUM_CONVERSION = YES;
				CLANG_WARN_INFINITE_RECURSION = YES;
				CLANG_WARN_INT_CONVERSION = YES;
				CLANG_WARN_NON_LITERAL_NULL_CONVERSION = YES;
				CLANG_WARN_OBJC_IMPLICIT_RETAIN_SELF = YES;
				CLANG_WARN_OBJC_LITERAL_CONVERSION = YES;
				CLANG_WARN_OBJC_ROOT_CLASS = YES_ERROR;
				CLANG_WARN_QUOTED_INCLUDE_IN_FRAMEWORK_HEADER = YES;
				CLANG_WARN_RANGE_LOOP_ANALYSIS = YES;
				CLANG_WARN_STRICT_PROTOTYPES = YES;
				CLANG_WARN_SUSPICIOUS_MOVE = YES;
				CLANG_WARN_UNGUARDED_AVAILABILITY = YES_AGGRESSIVE;
				CLANG_WARN_UNREACHABLE_CODE = YES;
				CLANG_WARN__DUPLICATE_METHOD_MATCH = YES;
				COPY_PHASE_STRIP = NO;
				DEBUG_INFORMATION_FORMAT = dwarf;
				ENABLE_STRICT_OBJC_MSGSEND = YES;
				ENABLE_TESTABILITY = YES;
				GCC_C_LANGUAGE_STANDARD = gnu11;
				GCC_DYNAMIC_NO_PIC = NO;
				GCC_NO_COMMON_BLOCKS = YES;
				GCC_OPTIMIZATION_LEVEL = 0;
				GCC_PREPROCESSOR_DEFINITIONS = (
					"DEBUG=1",
					"$(inherited)",
				);
				GCC_WARN_64_TO_32_BIT_CONVERSION = YES;
				GCC_WARN_ABOUT_RETURN_TYPE = YES_ERROR;
				GCC_WARN_UNDECLARED_SELECTOR = YES;
				GCC_WARN_UNINITIALIZED_AUTOS = YES_AGGRESSIVE;
				GCC_WARN_UNUSED_FUNCTION = YES;
				GCC_WARN_UNUSED_VARIABLE = YES;
				IPHONEOS_DEPLOYMENT_TARGET = 15.5;
				MTL_ENABLE_DEBUG_INFO = INCLUDE_SOURCE;
				MTL_FAST_MATH = YES;
				ONLY_ACTIVE_ARCH = YES;
				SDKROOT = iphoneos;
				SWIFT_ACTIVE_COMPILATION_CONDITIONS = DEBUG;
				SWIFT_OPTIMIZATION_LEVEL = "-Onone";
			};
			name = Debug;
		};
		947BB05828712B27002C671D /* Release */ = {
			isa = XCBuildConfiguration;
			buildSettings = {
				ALWAYS_SEARCH_USER_PATHS = NO;
				CLANG_ANALYZER_NONNULL = YES;
				CLANG_ANALYZER_NUMBER_OBJECT_CONVERSION = YES_AGGRESSIVE;
				CLANG_CXX_LANGUAGE_STANDARD = "gnu++17";
				CLANG_ENABLE_MODULES = YES;
				CLANG_ENABLE_OBJC_ARC = YES;
				CLANG_ENABLE_OBJC_WEAK = YES;
				CLANG_WARN_BLOCK_CAPTURE_AUTORELEASING = YES;
				CLANG_WARN_BOOL_CONVERSION = YES;
				CLANG_WARN_COMMA = YES;
				CLANG_WARN_CONSTANT_CONVERSION = YES;
				CLANG_WARN_DEPRECATED_OBJC_IMPLEMENTATIONS = YES;
				CLANG_WARN_DIRECT_OBJC_ISA_USAGE = YES_ERROR;
				CLANG_WARN_DOCUMENTATION_COMMENTS = YES;
				CLANG_WARN_EMPTY_BODY = YES;
				CLANG_WARN_ENUM_CONVERSION = YES;
				CLANG_WARN_INFINITE_RECURSION = YES;
				CLANG_WARN_INT_CONVERSION = YES;
				CLANG_WARN_NON_LITERAL_NULL_CONVERSION = YES;
				CLANG_WARN_OBJC_IMPLICIT_RETAIN_SELF = YES;
				CLANG_WARN_OBJC_LITERAL_CONVERSION = YES;
				CLANG_WARN_OBJC_ROOT_CLASS = YES_ERROR;
				CLANG_WARN_QUOTED_INCLUDE_IN_FRAMEWORK_HEADER = YES;
				CLANG_WARN_RANGE_LOOP_ANALYSIS = YES;
				CLANG_WARN_STRICT_PROTOTYPES = YES;
				CLANG_WARN_SUSPICIOUS_MOVE = YES;
				CLANG_WARN_UNGUARDED_AVAILABILITY = YES_AGGRESSIVE;
				CLANG_WARN_UNREACHABLE_CODE = YES;
				CLANG_WARN__DUPLICATE_METHOD_MATCH = YES;
				COPY_PHASE_STRIP = NO;
				DEBUG_INFORMATION_FORMAT = "dwarf-with-dsym";
				ENABLE_NS_ASSERTIONS = NO;
				ENABLE_STRICT_OBJC_MSGSEND = YES;
				GCC_C_LANGUAGE_STANDARD = gnu11;
				GCC_NO_COMMON_BLOCKS = YES;
				GCC_WARN_64_TO_32_BIT_CONVERSION = YES;
				GCC_WARN_ABOUT_RETURN_TYPE = YES_ERROR;
				GCC_WARN_UNDECLARED_SELECTOR = YES;
				GCC_WARN_UNINITIALIZED_AUTOS = YES_AGGRESSIVE;
				GCC_WARN_UNUSED_FUNCTION = YES;
				GCC_WARN_UNUSED_VARIABLE = YES;
				IPHONEOS_DEPLOYMENT_TARGET = 15.5;
				MTL_ENABLE_DEBUG_INFO = NO;
				MTL_FAST_MATH = YES;
				SDKROOT = iphoneos;
				SWIFT_COMPILATION_MODE = wholemodule;
				SWIFT_OPTIMIZATION_LEVEL = "-O";
				VALIDATE_PRODUCT = YES;
			};
			name = Release;
		};
		947BB05A28712B27002C671D /* Debug */ = {
			isa = XCBuildConfiguration;
			baseConfigurationReference = BE206F0176368804323EE017 /* Pods-Flash Chat.debug.xcconfig */;
			buildSettings = {
				ASSETCATALOG_COMPILER_APPICON_NAME = AppIcon;
				ASSETCATALOG_COMPILER_GLOBAL_ACCENT_COLOR_NAME = AccentColor;
				CODE_SIGN_STYLE = Automatic;
				CURRENT_PROJECT_VERSION = 1;
				DEVELOPMENT_TEAM = XP276V76RH;
				GENERATE_INFOPLIST_FILE = YES;
				INFOPLIST_FILE = "Flash Chat/Info.plist";
				INFOPLIST_KEY_UIApplicationSupportsIndirectInputEvents = YES;
				INFOPLIST_KEY_UILaunchStoryboardName = LaunchScreen;
				INFOPLIST_KEY_UISupportedInterfaceOrientations_iPad = "UIInterfaceOrientationPortrait UIInterfaceOrientationPortraitUpsideDown UIInterfaceOrientationLandscapeLeft UIInterfaceOrientationLandscapeRight";
				INFOPLIST_KEY_UISupportedInterfaceOrientations_iPhone = "UIInterfaceOrientationPortrait UIInterfaceOrientationLandscapeLeft UIInterfaceOrientationLandscapeRight";
				IPHONEOS_DEPLOYMENT_TARGET = 15.1;
				LD_RUNPATH_SEARCH_PATHS = (
					"$(inherited)",
					"@executable_path/Frameworks",
				);
				MARKETING_VERSION = 1.0;
				PRODUCT_BUNDLE_IDENTIFIER = "com.cosmealvess.Flash-Chat";
				PRODUCT_NAME = "$(TARGET_NAME)";
				SWIFT_EMIT_LOC_STRINGS = YES;
				SWIFT_VERSION = 5.0;
				TARGETED_DEVICE_FAMILY = 1;
			};
			name = Debug;
		};
		947BB05B28712B27002C671D /* Release */ = {
			isa = XCBuildConfiguration;
			baseConfigurationReference = 8F23115688D0B8D899D745C6 /* Pods-Flash Chat.release.xcconfig */;
			buildSettings = {
				ASSETCATALOG_COMPILER_APPICON_NAME = AppIcon;
				ASSETCATALOG_COMPILER_GLOBAL_ACCENT_COLOR_NAME = AccentColor;
				CODE_SIGN_STYLE = Automatic;
				CURRENT_PROJECT_VERSION = 1;
				DEVELOPMENT_TEAM = XP276V76RH;
				GENERATE_INFOPLIST_FILE = YES;
				INFOPLIST_FILE = "Flash Chat/Info.plist";
				INFOPLIST_KEY_UIApplicationSupportsIndirectInputEvents = YES;
				INFOPLIST_KEY_UILaunchStoryboardName = LaunchScreen;
				INFOPLIST_KEY_UISupportedInterfaceOrientations_iPad = "UIInterfaceOrientationPortrait UIInterfaceOrientationPortraitUpsideDown UIInterfaceOrientationLandscapeLeft UIInterfaceOrientationLandscapeRight";
				INFOPLIST_KEY_UISupportedInterfaceOrientations_iPhone = "UIInterfaceOrientationPortrait UIInterfaceOrientationLandscapeLeft UIInterfaceOrientationLandscapeRight";
				IPHONEOS_DEPLOYMENT_TARGET = 15.1;
				LD_RUNPATH_SEARCH_PATHS = (
					"$(inherited)",
					"@executable_path/Frameworks",
				);
				MARKETING_VERSION = 1.0;
				PRODUCT_BUNDLE_IDENTIFIER = "com.cosmealvess.Flash-Chat";
				PRODUCT_NAME = "$(TARGET_NAME)";
				SWIFT_EMIT_LOC_STRINGS = YES;
				SWIFT_VERSION = 5.0;
				TARGETED_DEVICE_FAMILY = 1;
			};
			name = Release;
		};
/* End XCBuildConfiguration section */

/* Begin XCConfigurationList section */
		947BB04028712B25002C671D /* Build configuration list for PBXProject "Flash Chat" */ = {
			isa = XCConfigurationList;
			buildConfigurations = (
				947BB05728712B27002C671D /* Debug */,
				947BB05828712B27002C671D /* Release */,
			);
			defaultConfigurationIsVisible = 0;
			defaultConfigurationName = Release;
		};
		947BB05928712B27002C671D /* Build configuration list for PBXNativeTarget "Flash Chat" */ = {
			isa = XCConfigurationList;
			buildConfigurations = (
				947BB05A28712B27002C671D /* Debug */,
				947BB05B28712B27002C671D /* Release */,
			);
			defaultConfigurationIsVisible = 0;
			defaultConfigurationName = Release;
		};
/* End XCConfigurationList section */
	};
	rootObject = 947BB03D28712B25002C671D /* Project object */;
}
